
Microsoft Visual Studio Solution File, Format Version 12.00
# Visual Studio Version 17
VisualStudioVersion = 17.8.34601.278
MinimumVisualStudioVersion = 10.0.40219.1
Project("{FAE04EC0-301F-11D3-BF4B-00C04F79EFBC}") = "Foody Web App Testing", "Foody Web App Testing.csproj", "{077BE2AF-69A3-45B1-9060-C69B7D48BADB}"
EndProject
Global
	GlobalSection(SolutionConfigurationPlatforms) = preSolution
		Debug|Any CPU = Debug|Any CPU
		Release|Any CPU = Release|Any CPU
	EndGlobalSection
	GlobalSection(ProjectConfigurationPlatforms) = postSolution
		{077BE2AF-69A3-45B1-9060-C69B7D48BADB}.Debug|Any CPU.ActiveCfg = Debug|Any CPU
		{077BE2AF-69A3-45B1-9060-C69B7D48BADB}.Debug|Any CPU.Build.0 = Debug|Any CPU
		{077BE2AF-69A3-45B1-9060-C69B7D48BADB}.Release|Any CPU.ActiveCfg = Release|Any CPU
		{077BE2AF-69A3-45B1-9060-C69B7D48BADB}.Release|Any CPU.Build.0 = Release|Any CPU
	EndGlobalSection
	GlobalSection(SolutionProperties) = preSolution
		HideSolutionNode = FALSE
	EndGlobalSection
	GlobalSection(ExtensibilityGlobals) = postSolution
		SolutionGuid = {8AB5C370-5219-412C-96AF-4D357C7E9377}
	EndGlobalSection
EndGlobal
